// !$*UTF8*$!
{
	archiveVersion = 1;
	classes = {
	};
	objectVersion = 53;
	objects = {

/* Begin PBXFileReference section */
		ED09581324314A7E000EB84D /* papacito_head.png */ = {isa = PBXFileReference; lastKnownFileType = image.png; path = papacito_head.png; sourceTree = "<group>"; };
		ED09581424314A7E000EB84D /* papastick.png */ = {isa = PBXFileReference; lastKnownFileType = image.png; path = papastick.png; sourceTree = "<group>"; };
		ED09581524314A7E000EB84D /* AK_full_flip.png */ = {isa = PBXFileReference; lastKnownFileType = image.png; path = AK_full_flip.png; sourceTree = "<group>"; };
		ED09581624314A7E000EB84D /* Rocket_launcher_flip.png */ = {isa = PBXFileReference; lastKnownFileType = image.png; path = Rocket_launcher_flip.png; sourceTree = "<group>"; };
		ED09581724314A7E000EB84D /* characters */ = {isa = PBXFileReference; lastKnownFileType = folder; path = characters; sourceTree = "<group>"; };
		ED09581824314A7E000EB84D /* M16_full.png */ = {isa = PBXFileReference; lastKnownFileType = image.png; path = M16_full.png; sourceTree = "<group>"; };
		ED09581924314A7E000EB84D /* shura.psd */ = {isa = PBXFileReference; lastKnownFileType = file; path = shura.psd; sourceTree = "<group>"; };
		ED09581A24314A7E000EB84D /* grenade1.png */ = {isa = PBXFileReference; lastKnownFileType = image.png; path = grenade1.png; sourceTree = "<group>"; };
		ED09581B24314A7E000EB84D /* USI_full.png */ = {isa = PBXFileReference; lastKnownFileType = image.png; path = USI_full.png; sourceTree = "<group>"; };
		ED09581C24314A7E000EB84D /* nathan_flip.png */ = {isa = PBXFileReference; lastKnownFileType = image.png; path = nathan_flip.png; sourceTree = "<group>"; };
		ED09581D24314A7E000EB84D /* icon */ = {isa = PBXFileReference; lastKnownFileType = folder; path = icon; sourceTree = "<group>"; };
		ED09581E24314A7E000EB84D /* Assault_rifle_full_flip.png */ = {isa = PBXFileReference; lastKnownFileType = image.png; path = Assault_rifle_full_flip.png; sourceTree = "<group>"; };
		ED09581F24314A7E000EB84D /* Sakuya.png */ = {isa = PBXFileReference; lastKnownFileType = image.png; path = Sakuya.png; sourceTree = "<group>"; };
		ED09582024314A7E000EB84D /* Rocket_launcher.png */ = {isa = PBXFileReference; lastKnownFileType = image.png; path = Rocket_launcher.png; sourceTree = "<group>"; };
		ED09582124314A7E000EB84D /* AK_full.png */ = {isa = PBXFileReference; lastKnownFileType = image.png; path = AK_full.png; sourceTree = "<group>"; };
		ED09582224314A7E000EB84D /* Archer.png */ = {isa = PBXFileReference; lastKnownFileType = image.png; path = Archer.png; sourceTree = "<group>"; };
		ED09582324314A7E000EB84D /* stickman.png */ = {isa = PBXFileReference; lastKnownFileType = image.png; path = stickman.png; sourceTree = "<group>"; };
		ED09582424314A7F000EB84D /* papacito.png */ = {isa = PBXFileReference; lastKnownFileType = image.png; path = papacito.png; sourceTree = "<group>"; };
		ED09582524314A7F000EB84D /* sources */ = {isa = PBXFileReference; lastKnownFileType = folder; path = sources; sourceTree = "<group>"; };
		ED09582624314A7F000EB84D /* tilesetOpenGame.png */ = {isa = PBXFileReference; lastKnownFileType = image.png; path = tilesetOpenGame.png; sourceTree = "<group>"; };
		ED09582724314A7F000EB84D /* pistol_full_flip.png */ = {isa = PBXFileReference; lastKnownFileType = image.png; path = pistol_full_flip.png; sourceTree = "<group>"; };
		ED09582824314A7F000EB84D /* Sakuya_flip.png */ = {isa = PBXFileReference; lastKnownFileType = image.png; path = Sakuya_flip.png; sourceTree = "<group>"; };
		ED09582924314A7F000EB84D /* magic-cliffs.psd */ = {isa = PBXFileReference; lastKnownFileType = file; path = "magic-cliffs.psd"; sourceTree = "<group>"; };
		ED09582A24314A7F000EB84D /* flash_grenade.png */ = {isa = PBXFileReference; lastKnownFileType = image.png; path = flash_grenade.png; sourceTree = "<group>"; };
		ED09582B24314A7F000EB84D /* papacito_flip.png */ = {isa = PBXFileReference; lastKnownFileType = image.png; path = papacito_flip.png; sourceTree = "<group>"; };
		ED09582C24314A7F000EB84D /* map_1.png */ = {isa = PBXFileReference; lastKnownFileType = image.png; path = map_1.png; sourceTree = "<group>"; };
		ED09582D24314A7F000EB84D /* nathan.jpg */ = {isa = PBXFileReference; lastKnownFileType = image.jpeg; path = nathan.jpg; sourceTree = "<group>"; };
		ED09582E24314A7F000EB84D /* maps */ = {isa = PBXFileReference; lastKnownFileType = folder; path = maps; sourceTree = "<group>"; };
		ED09582F24314A7F000EB84D /* M16_full_flip.png */ = {isa = PBXFileReference; lastKnownFileType = image.png; path = M16_full_flip.png; sourceTree = "<group>"; };
		ED09583024314A7F000EB84D /* Assault_rifle_full.png */ = {isa = PBXFileReference; lastKnownFileType = image.png; path = Assault_rifle_full.png; sourceTree = "<group>"; };
		ED09583124314A7F000EB84D /* wallpaper.png */ = {isa = PBXFileReference; lastKnownFileType = image.png; path = wallpaper.png; sourceTree = "<group>"; };
		ED09583224314A7F000EB84D /* papastick.clip */ = {isa = PBXFileReference; lastKnownFileType = file; path = papastick.clip; sourceTree = "<group>"; };
		ED09583324314A7F000EB84D /* nathan.png */ = {isa = PBXFileReference; lastKnownFileType = image.png; path = nathan.png; sourceTree = "<group>"; };
		ED09583424314A80000EB84D /* platformertiles.png */ = {isa = PBXFileReference; lastKnownFileType = image.png; path = platformertiles.png; sourceTree = "<group>"; };
		ED09583524314A80000EB84D /* Knife.png */ = {isa = PBXFileReference; lastKnownFileType = image.png; path = Knife.png; sourceTree = "<group>"; };
		ED09583624314A80000EB84D /* Shootgun_full_flip.png */ = {isa = PBXFileReference; lastKnownFileType = image.png; path = Shootgun_full_flip.png; sourceTree = "<group>"; };
		ED09583724314A80000EB84D /* pistol_full.png */ = {isa = PBXFileReference; lastKnownFileType = image.png; path = pistol_full.png; sourceTree = "<group>"; };
		ED09583824314A80000EB84D /* explosion.png */ = {isa = PBXFileReference; lastKnownFileType = image.png; path = explosion.png; sourceTree = "<group>"; };
		ED09583924314A80000EB84D /* USI_full_flip.png */ = {isa = PBXFileReference; lastKnownFileType = image.png; path = USI_full_flip.png; sourceTree = "<group>"; };
		ED09583A24314A80000EB84D /* Shootgun_full.png */ = {isa = PBXFileReference; lastKnownFileType = image.png; path = Shootgun_full.png; sourceTree = "<group>"; };
		EDFD01CA23FF2115005B1623 /* main.py */ = {isa = PBXFileReference; fileEncoding = 4; lastKnownFileType = text.script.python; path = main.py; sourceTree = "<group>"; };
		EDFD01CE23FF2207005B1623 /* function.py */ = {isa = PBXFileReference; fileEncoding = 4; lastKnownFileType = text.script.python; path = function.py; sourceTree = "<group>"; };
/* End PBXFileReference section */

/* Begin PBXGroup section */
		EDFD01BF23FF20DE005B1623 = {
			isa = PBXGroup;
			children = (
				EDFD01CA23FF2115005B1623 /* main.py */,
				EDFD01CE23FF2207005B1623 /* function.py */,
				EDFD01CF23FF221B005B1623 /* images */,
			);
			sourceTree = "<group>";
		};
		EDFD01CF23FF221B005B1623 /* images */ = {
			isa = PBXGroup;
			children = (
				ED09581524314A7E000EB84D /* AK_full_flip.png */,
				ED09582124314A7E000EB84D /* AK_full.png */,
				ED09582224314A7E000EB84D /* Archer.png */,
				ED09581E24314A7E000EB84D /* Assault_rifle_full_flip.png */,
				ED09583024314A7F000EB84D /* Assault_rifle_full.png */,
				ED09581724314A7E000EB84D /* characters */,
				ED09583824314A80000EB84D /* explosion.png */,
				ED09582A24314A7F000EB84D /* flash_grenade.png */,
				ED09581A24314A7E000EB84D /* grenade1.png */,
				ED09581D24314A7E000EB84D /* icon */,
				ED09583524314A80000EB84D /* Knife.png */,
				ED09582F24314A7F000EB84D /* M16_full_flip.png */,
				ED09581824314A7E000EB84D /* M16_full.png */,
				ED09582924314A7F000EB84D /* magic-cliffs.psd */,
				ED09582C24314A7F000EB84D /* map_1.png */,
				ED09582E24314A7F000EB84D /* maps */,
				ED09581C24314A7E000EB84D /* nathan_flip.png */,
				ED09582D24314A7F000EB84D /* nathan.jpg */,
				ED09583324314A7F000EB84D /* nathan.png */,
				ED09582B24314A7F000EB84D /* papacito_flip.png */,
				ED09581324314A7E000EB84D /* papacito_head.png */,
				ED09582424314A7F000EB84D /* papacito.png */,
				ED09583224314A7F000EB84D /* papastick.clip */,
				ED09581424314A7E000EB84D /* papastick.png */,
				ED09582724314A7F000EB84D /* pistol_full_flip.png */,
				ED09583724314A80000EB84D /* pistol_full.png */,
				ED09583424314A80000EB84D /* platformertiles.png */,
				ED09581624314A7E000EB84D /* Rocket_launcher_flip.png */,
				ED09582024314A7E000EB84D /* Rocket_launcher.png */,
				ED09582824314A7F000EB84D /* Sakuya_flip.png */,
				ED09581F24314A7E000EB84D /* Sakuya.png */,
				ED09583624314A80000EB84D /* Shootgun_full_flip.png */,
				ED09583A24314A80000EB84D /* Shootgun_full.png */,
				ED09581924314A7E000EB84D /* shura.psd */,
				ED09582524314A7F000EB84D /* sources */,
				ED09582324314A7E000EB84D /* stickman.png */,
				ED09582624314A7F000EB84D /* tilesetOpenGame.png */,
				ED09583924314A80000EB84D /* USI_full_flip.png */,
				ED09581B24314A7E000EB84D /* USI_full.png */,
				ED09583124314A7F000EB84D /* wallpaper.png */,
			);
			path = images;
			sourceTree = "<group>";
		};
/* End PBXGroup section */

/* Begin PBXLegacyTarget section */
		EDFD01C423FF20DE005B1623 /* GLOPZ */ = {
			isa = PBXLegacyTarget;
			buildArgumentsString = "$(ACTION)";
			buildConfigurationList = EDFD01C723FF20DE005B1623 /* Build configuration list for PBXLegacyTarget "GLOPZ" */;
			buildPhases = (
			);
			buildToolPath = /usr/local/bin/python3;
			buildWorkingDirectory = "";
			dependencies = (
			);
			name = GLOPZ;
			passBuildSettingsInEnvironment = 0;
			productName = GLOPZ;
		};
/* End PBXLegacyTarget section */

/* Begin PBXProject section */
		EDFD01C023FF20DE005B1623 /* Project object */ = {
			isa = PBXProject;
			attributes = {
				BuildIndependentTargetsInParallel = YES;
				LastUpgradeCheck = 1130;
				ORGANIZATIONNAME = "Étudiants d'Efrei Paris";
				TargetAttributes = {
					EDFD01C423FF20DE005B1623 = {
						CreatedOnToolsVersion = 11.3.1;
					};
				};
			};
			buildConfigurationList = EDFD01C323FF20DE005B1623 /* Build configuration list for PBXProject "GLOPZ" */;
			compatibilityVersion = "Xcode 9.3";
			developmentRegion = en;
			hasScannedForEncodings = 0;
			knownRegions = (
				en,
				Base,
			);
			mainGroup = EDFD01BF23FF20DE005B1623;
			projectDirPath = "";
			projectRoot = "";
			targets = (
				EDFD01C423FF20DE005B1623 /* GLOPZ */,
			);
		};
/* End PBXProject section */

/* Begin XCBuildConfiguration section */
		EDFD01C523FF20DE005B1623 /* Debug */ = {
			isa = XCBuildConfiguration;
			buildSettings = {
				ALWAYS_SEARCH_USER_PATHS = NO;
				CLANG_ANALYZER_NONNULL = YES;
				CLANG_ANALYZER_NUMBER_OBJECT_CONVERSION = YES_AGGRESSIVE;
				CLANG_CXX_LANGUAGE_STANDARD = "gnu++14";
				CLANG_CXX_LIBRARY = "libc++";
				CLANG_ENABLE_MODULES = YES;
				CLANG_ENABLE_OBJC_ARC = YES;
				CLANG_ENABLE_OBJC_WEAK = YES;
				CLANG_WARN_BLOCK_CAPTURE_AUTORELEASING = YES;
				CLANG_WARN_BOOL_CONVERSION = YES;
				CLANG_WARN_COMMA = YES;
				CLANG_WARN_CONSTANT_CONVERSION = YES;
				CLANG_WARN_DEPRECATED_OBJC_IMPLEMENTATIONS = YES;
				CLANG_WARN_DIRECT_OBJC_ISA_USAGE = YES_ERROR;
				CLANG_WARN_DOCUMENTATION_COMMENTS = YES;
				CLANG_WARN_EMPTY_BODY = YES;
				CLANG_WARN_ENUM_CONVERSION = YES;
				CLANG_WARN_INFINITE_RECURSION = YES;
				CLANG_WARN_INT_CONVERSION = YES;
				CLANG_WARN_NON_LITERAL_NULL_CONVERSION = YES;
				CLANG_WARN_OBJC_IMPLICIT_RETAIN_SELF = YES;
				CLANG_WARN_OBJC_LITERAL_CONVERSION = YES;
				CLANG_WARN_OBJC_ROOT_CLASS = YES_ERROR;
				CLANG_WARN_RANGE_LOOP_ANALYSIS = YES;
				CLANG_WARN_STRICT_PROTOTYPES = YES;
				CLANG_WARN_SUSPICIOUS_MOVE = YES;
				CLANG_WARN_UNGUARDED_AVAILABILITY = YES_AGGRESSIVE;
				CLANG_WARN_UNREACHABLE_CODE = YES;
				CLANG_WARN__DUPLICATE_METHOD_MATCH = YES;
				COPY_PHASE_STRIP = NO;
				DEBUG_INFORMATION_FORMAT = dwarf;
				ENABLE_STRICT_OBJC_MSGSEND = YES;
				ENABLE_TESTABILITY = YES;
				GCC_C_LANGUAGE_STANDARD = gnu11;
				GCC_DYNAMIC_NO_PIC = NO;
				GCC_NO_COMMON_BLOCKS = YES;
				GCC_OPTIMIZATION_LEVEL = 0;
				GCC_PREPROCESSOR_DEFINITIONS = (
					"DEBUG=1",
					"$(inherited)",
				);
				GCC_WARN_64_TO_32_BIT_CONVERSION = YES;
				GCC_WARN_ABOUT_RETURN_TYPE = YES_ERROR;
				GCC_WARN_UNDECLARED_SELECTOR = YES;
				GCC_WARN_UNINITIALIZED_AUTOS = YES_AGGRESSIVE;
				GCC_WARN_UNUSED_FUNCTION = YES;
				GCC_WARN_UNUSED_VARIABLE = YES;
				MTL_ENABLE_DEBUG_INFO = INCLUDE_SOURCE;
				MTL_FAST_MATH = YES;
				ONLY_ACTIVE_ARCH = YES;
			};
			name = Debug;
		};
		EDFD01C623FF20DE005B1623 /* Release */ = {
			isa = XCBuildConfiguration;
			buildSettings = {
				ALWAYS_SEARCH_USER_PATHS = NO;
				CLANG_ANALYZER_NONNULL = YES;
				CLANG_ANALYZER_NUMBER_OBJECT_CONVERSION = YES_AGGRESSIVE;
				CLANG_CXX_LANGUAGE_STANDARD = "gnu++14";
				CLANG_CXX_LIBRARY = "libc++";
				CLANG_ENABLE_MODULES = YES;
				CLANG_ENABLE_OBJC_ARC = YES;
				CLANG_ENABLE_OBJC_WEAK = YES;
				CLANG_WARN_BLOCK_CAPTURE_AUTORELEASING = YES;
				CLANG_WARN_BOOL_CONVERSION = YES;
				CLANG_WARN_COMMA = YES;
				CLANG_WARN_CONSTANT_CONVERSION = YES;
				CLANG_WARN_DEPRECATED_OBJC_IMPLEMENTATIONS = YES;
				CLANG_WARN_DIRECT_OBJC_ISA_USAGE = YES_ERROR;
				CLANG_WARN_DOCUMENTATION_COMMENTS = YES;
				CLANG_WARN_EMPTY_BODY = YES;
				CLANG_WARN_ENUM_CONVERSION = YES;
				CLANG_WARN_INFINITE_RECURSION = YES;
				CLANG_WARN_INT_CONVERSION = YES;
				CLANG_WARN_NON_LITERAL_NULL_CONVERSION = YES;
				CLANG_WARN_OBJC_IMPLICIT_RETAIN_SELF = YES;
				CLANG_WARN_OBJC_LITERAL_CONVERSION = YES;
				CLANG_WARN_OBJC_ROOT_CLASS = YES_ERROR;
				CLANG_WARN_RANGE_LOOP_ANALYSIS = YES;
				CLANG_WARN_STRICT_PROTOTYPES = YES;
				CLANG_WARN_SUSPICIOUS_MOVE = YES;
				CLANG_WARN_UNGUARDED_AVAILABILITY = YES_AGGRESSIVE;
				CLANG_WARN_UNREACHABLE_CODE = YES;
				CLANG_WARN__DUPLICATE_METHOD_MATCH = YES;
				COPY_PHASE_STRIP = NO;
				DEBUG_INFORMATION_FORMAT = "dwarf-with-dsym";
				ENABLE_NS_ASSERTIONS = NO;
				ENABLE_STRICT_OBJC_MSGSEND = YES;
				GCC_C_LANGUAGE_STANDARD = gnu11;
				GCC_NO_COMMON_BLOCKS = YES;
				GCC_WARN_64_TO_32_BIT_CONVERSION = YES;
				GCC_WARN_ABOUT_RETURN_TYPE = YES_ERROR;
				GCC_WARN_UNDECLARED_SELECTOR = YES;
				GCC_WARN_UNINITIALIZED_AUTOS = YES_AGGRESSIVE;
				GCC_WARN_UNUSED_FUNCTION = YES;
				GCC_WARN_UNUSED_VARIABLE = YES;
				MTL_ENABLE_DEBUG_INFO = NO;
				MTL_FAST_MATH = YES;
			};
			name = Release;
		};
		EDFD01C823FF20DE005B1623 /* Debug */ = {
			isa = XCBuildConfiguration;
			buildSettings = {
				CODE_SIGN_STYLE = Automatic;
				DEBUGGING_SYMBOLS = YES;
				DEBUG_INFORMATION_FORMAT = dwarf;
				DEVELOPMENT_TEAM = Y8UVVEJ938;
				GCC_GENERATE_DEBUGGING_SYMBOLS = YES;
				GCC_OPTIMIZATION_LEVEL = 0;
				OTHER_CFLAGS = "";
				OTHER_LDFLAGS = "";
				PRODUCT_NAME = "$(TARGET_NAME)";
			};
			name = Debug;
		};
		EDFD01C923FF20DE005B1623 /* Release */ = {
			isa = XCBuildConfiguration;
			buildSettings = {
				CODE_SIGN_STYLE = Automatic;
				DEBUG_INFORMATION_FORMAT = "dwarf-with-dsym";
				DEVELOPMENT_TEAM = Y8UVVEJ938;
				OTHER_CFLAGS = "";
				OTHER_LDFLAGS = "";
				PRODUCT_NAME = "$(TARGET_NAME)";
			};
			name = Release;
		};
/* End XCBuildConfiguration section */

/* Begin XCConfigurationList section */
		EDFD01C323FF20DE005B1623 /* Build configuration list for PBXProject "GLOPZ" */ = {
			isa = XCConfigurationList;
			buildConfigurations = (
				EDFD01C523FF20DE005B1623 /* Debug */,
				EDFD01C623FF20DE005B1623 /* Release */,
			);
			defaultConfigurationIsVisible = 0;
			defaultConfigurationName = Release;
		};
		EDFD01C723FF20DE005B1623 /* Build configuration list for PBXLegacyTarget "GLOPZ" */ = {
			isa = XCConfigurationList;
			buildConfigurations = (
				EDFD01C823FF20DE005B1623 /* Debug */,
				EDFD01C923FF20DE005B1623 /* Release */,
			);
			defaultConfigurationIsVisible = 0;
			defaultConfigurationName = Release;
		};
/* End XCConfigurationList section */
	};
	rootObject = EDFD01C023FF20DE005B1623 /* Project object */;
}
